
Microsoft Visual Studio Solution File, Format Version 12.00
Project("{FAE04EC0-301F-11D3-BF4B-00C04F79EFBC}") = "trashman", "trashman.csproj", "{6C88A002-D2F5-4999-B3EF-3D3348401311}"
EndProject
Global
	GlobalSection(SolutionConfigurationPlatforms) = preSolution
		Debug|Any CPU = Debug|Any CPU
		Release|Any CPU = Release|Any CPU
		Release Single-File|Any CPU = Release Single-File|Any CPU
	EndGlobalSection
	GlobalSection(ProjectConfigurationPlatforms) = postSolution
		{6C88A002-D2F5-4999-B3EF-3D3348401311}.Debug|Any CPU.ActiveCfg = Debug|Any CPU
		{6C88A002-D2F5-4999-B3EF-3D3348401311}.Debug|Any CPU.Build.0 = Debug|Any CPU
		{6C88A002-D2F5-4999-B3EF-3D3348401311}.Release|Any CPU.ActiveCfg = Release|Any CPU
		{6C88A002-D2F5-4999-B3EF-3D3348401311}.Release|Any CPU.Build.0 = Release|Any CPU
		{6C88A002-D2F5-4999-B3EF-3D3348401311}.Release Single-File|Any CPU.ActiveCfg = Release Single-File|Any CPU
		{6C88A002-D2F5-4999-B3EF-3D3348401311}.Release Single-File|Any CPU.Build.0 = Release Single-File|Any CPU
	EndGlobalSection
EndGlobal
